
Microsoft Visual Studio Solution File, Format Version 12.00
# Visual Studio Version 16
VisualStudioVersion = 16.0.30413.136
MinimumVisualStudioVersion = 10.0.40219.1
Project("{9A19103F-16F7-4668-BE54-9A1E7A4F7556}") = "RestLittle", "src\RestLittle\RestLittle.csproj", "{524D10C3-E18B-4560-951E-690B9953A274}"
EndProject
Project("{9A19103F-16F7-4668-BE54-9A1E7A4F7556}") = "RestLittle.Tests", "test\RestLittle.Tests\RestLittle.Tests.csproj", "{13E62DD2-59DC-4F57-A215-477381CE6A37}"
EndProject
Project("{2150E333-8FDC-42A3-9474-1A3956D46DE8}") = "src", "src", "{BEA915C0-8834-4928-B403-28B70F475A70}"
EndProject
Project("{2150E333-8FDC-42A3-9474-1A3956D46DE8}") = "test", "test", "{2C33655E-7C68-4127-8AA8-B21B08C9DA24}"
	ProjectSection(SolutionItems) = preProject
		test\.editorconfig = test\.editorconfig
	EndProjectSection
EndProject
Project("{2150E333-8FDC-42A3-9474-1A3956D46DE8}") = "Solution Items", "Solution Items", "{E167D86A-23E9-44A0-BAF3-C550BA49E4AA}"
	ProjectSection(SolutionItems) = preProject
		.editorconfig = .editorconfig
		README.md = README.md
		stylecop.json = stylecop.json
	EndProjectSection
EndProject
Project("{9A19103F-16F7-4668-BE54-9A1E7A4F7556}") = "RestLittle.CLI", "src\RestLittle.CLI\RestLittle.CLI.csproj", "{6184C221-E8C5-4A71-8B90-6E9466016DA2}"
EndProject
Project("{9A19103F-16F7-4668-BE54-9A1E7A4F7556}") = "RestLittle.UI", "src\RestLittle.UI\RestLittle.UI.csproj", "{7D2C12CE-7D96-4539-97CC-DFA5DA6B58C5}"
EndProject
Project("{9A19103F-16F7-4668-BE54-9A1E7A4F7556}") = "RestLittle.UI.Tests", "test\RestLittle.UI.Tests\RestLittle.UI.Tests.csproj", "{EB17145F-88E6-4701-9014-A39ABBC9F440}"
EndProject
Project("{FAE04EC0-301F-11D3-BF4B-00C04F79EFBC}") = "RestLittle.UWP", "src\RestLittle.UWP\RestLittle.UWP.csproj", "{108A5FF5-05C6-4BAD-8F8E-2F5466E99A51}"
EndProject
Global
	GlobalSection(SolutionConfigurationPlatforms) = preSolution
		Debug|Any CPU = Debug|Any CPU
		Debug|ARM = Debug|ARM
		Debug|ARM64 = Debug|ARM64
		Debug|x64 = Debug|x64
		Debug|x86 = Debug|x86
		Release|Any CPU = Release|Any CPU
		Release|ARM = Release|ARM
		Release|ARM64 = Release|ARM64
		Release|x64 = Release|x64
		Release|x86 = Release|x86
	EndGlobalSection
	GlobalSection(ProjectConfigurationPlatforms) = postSolution
		{524D10C3-E18B-4560-951E-690B9953A274}.Debug|Any CPU.ActiveCfg = Debug|Any CPU
		{524D10C3-E18B-4560-951E-690B9953A274}.Debug|Any CPU.Build.0 = Debug|Any CPU
		{524D10C3-E18B-4560-951E-690B9953A274}.Debug|ARM.ActiveCfg = Debug|Any CPU
		{524D10C3-E18B-4560-951E-690B9953A274}.Debug|ARM.Build.0 = Debug|Any CPU
		{524D10C3-E18B-4560-951E-690B9953A274}.Debug|ARM64.ActiveCfg = Debug|Any CPU
		{524D10C3-E18B-4560-951E-690B9953A274}.Debug|ARM64.Build.0 = Debug|Any CPU
		{524D10C3-E18B-4560-951E-690B9953A274}.Debug|x64.ActiveCfg = Debug|Any CPU
		{524D10C3-E18B-4560-951E-690B9953A274}.Debug|x64.Build.0 = Debug|Any CPU
		{524D10C3-E18B-4560-951E-690B9953A274}.Debug|x86.ActiveCfg = Debug|Any CPU
		{524D10C3-E18B-4560-951E-690B9953A274}.Debug|x86.Build.0 = Debug|Any CPU
		{524D10C3-E18B-4560-951E-690B9953A274}.Release|Any CPU.ActiveCfg = Release|Any CPU
		{524D10C3-E18B-4560-951E-690B9953A274}.Release|Any CPU.Build.0 = Release|Any CPU
		{524D10C3-E18B-4560-951E-690B9953A274}.Release|ARM.ActiveCfg = Release|Any CPU
		{524D10C3-E18B-4560-951E-690B9953A274}.Release|ARM.Build.0 = Release|Any CPU
		{524D10C3-E18B-4560-951E-690B9953A274}.Release|ARM64.ActiveCfg = Release|Any CPU
		{524D10C3-E18B-4560-951E-690B9953A274}.Release|ARM64.Build.0 = Release|Any CPU
		{524D10C3-E18B-4560-951E-690B9953A274}.Release|x64.ActiveCfg = Release|Any CPU
		{524D10C3-E18B-4560-951E-690B9953A274}.Release|x64.Build.0 = Release|Any CPU
		{524D10C3-E18B-4560-951E-690B9953A274}.Release|x86.ActiveCfg = Release|Any CPU
		{524D10C3-E18B-4560-951E-690B9953A274}.Release|x86.Build.0 = Release|Any CPU
		{13E62DD2-59DC-4F57-A215-477381CE6A37}.Debug|Any CPU.ActiveCfg = Debug|Any CPU
		{13E62DD2-59DC-4F57-A215-477381CE6A37}.Debug|Any CPU.Build.0 = Debug|Any CPU
		{13E62DD2-59DC-4F57-A215-477381CE6A37}.Debug|ARM.ActiveCfg = Debug|Any CPU
		{13E62DD2-59DC-4F57-A215-477381CE6A37}.Debug|ARM.Build.0 = Debug|Any CPU
		{13E62DD2-59DC-4F57-A215-477381CE6A37}.Debug|ARM64.ActiveCfg = Debug|Any CPU
		{13E62DD2-59DC-4F57-A215-477381CE6A37}.Debug|ARM64.Build.0 = Debug|Any CPU
		{13E62DD2-59DC-4F57-A215-477381CE6A37}.Debug|x64.ActiveCfg = Debug|Any CPU
		{13E62DD2-59DC-4F57-A215-477381CE6A37}.Debug|x64.Build.0 = Debug|Any CPU
		{13E62DD2-59DC-4F57-A215-477381CE6A37}.Debug|x86.ActiveCfg = Debug|Any CPU
		{13E62DD2-59DC-4F57-A215-477381CE6A37}.Debug|x86.Build.0 = Debug|Any CPU
		{13E62DD2-59DC-4F57-A215-477381CE6A37}.Release|Any CPU.ActiveCfg = Release|Any CPU
		{13E62DD2-59DC-4F57-A215-477381CE6A37}.Release|Any CPU.Build.0 = Release|Any CPU
		{13E62DD2-59DC-4F57-A215-477381CE6A37}.Release|ARM.ActiveCfg = Release|Any CPU
		{13E62DD2-59DC-4F57-A215-477381CE6A37}.Release|ARM.Build.0 = Release|Any CPU
		{13E62DD2-59DC-4F57-A215-477381CE6A37}.Release|ARM64.ActiveCfg = Release|Any CPU
		{13E62DD2-59DC-4F57-A215-477381CE6A37}.Release|ARM64.Build.0 = Release|Any CPU
		{13E62DD2-59DC-4F57-A215-477381CE6A37}.Release|x64.ActiveCfg = Release|Any CPU
		{13E62DD2-59DC-4F57-A215-477381CE6A37}.Release|x64.Build.0 = Release|Any CPU
		{13E62DD2-59DC-4F57-A215-477381CE6A37}.Release|x86.ActiveCfg = Release|Any CPU
		{13E62DD2-59DC-4F57-A215-477381CE6A37}.Release|x86.Build.0 = Release|Any CPU
		{6184C221-E8C5-4A71-8B90-6E9466016DA2}.Debug|Any CPU.ActiveCfg = Debug|Any CPU
		{6184C221-E8C5-4A71-8B90-6E9466016DA2}.Debug|Any CPU.Build.0 = Debug|Any CPU
		{6184C221-E8C5-4A71-8B90-6E9466016DA2}.Debug|ARM.ActiveCfg = Debug|Any CPU
		{6184C221-E8C5-4A71-8B90-6E9466016DA2}.Debug|ARM.Build.0 = Debug|Any CPU
		{6184C221-E8C5-4A71-8B90-6E9466016DA2}.Debug|ARM64.ActiveCfg = Debug|Any CPU
		{6184C221-E8C5-4A71-8B90-6E9466016DA2}.Debug|ARM64.Build.0 = Debug|Any CPU
		{6184C221-E8C5-4A71-8B90-6E9466016DA2}.Debug|x64.ActiveCfg = Debug|Any CPU
		{6184C221-E8C5-4A71-8B90-6E9466016DA2}.Debug|x64.Build.0 = Debug|Any CPU
		{6184C221-E8C5-4A71-8B90-6E9466016DA2}.Debug|x86.ActiveCfg = Debug|Any CPU
		{6184C221-E8C5-4A71-8B90-6E9466016DA2}.Debug|x86.Build.0 = Debug|Any CPU
		{6184C221-E8C5-4A71-8B90-6E9466016DA2}.Release|Any CPU.ActiveCfg = Release|Any CPU
		{6184C221-E8C5-4A71-8B90-6E9466016DA2}.Release|Any CPU.Build.0 = Release|Any CPU
		{6184C221-E8C5-4A71-8B90-6E9466016DA2}.Release|ARM.ActiveCfg = Release|Any CPU
		{6184C221-E8C5-4A71-8B90-6E9466016DA2}.Release|ARM.Build.0 = Release|Any CPU
		{6184C221-E8C5-4A71-8B90-6E9466016DA2}.Release|ARM64.ActiveCfg = Release|Any CPU
		{6184C221-E8C5-4A71-8B90-6E9466016DA2}.Release|ARM64.Build.0 = Release|Any CPU
		{6184C221-E8C5-4A71-8B90-6E9466016DA2}.Release|x64.ActiveCfg = Release|Any CPU
		{6184C221-E8C5-4A71-8B90-6E9466016DA2}.Release|x64.Build.0 = Release|Any CPU
		{6184C221-E8C5-4A71-8B90-6E9466016DA2}.Release|x86.ActiveCfg = Release|Any CPU
		{6184C221-E8C5-4A71-8B90-6E9466016DA2}.Release|x86.Build.0 = Release|Any CPU
		{7D2C12CE-7D96-4539-97CC-DFA5DA6B58C5}.Debug|Any CPU.ActiveCfg = Debug|Any CPU
		{7D2C12CE-7D96-4539-97CC-DFA5DA6B58C5}.Debug|Any CPU.Build.0 = Debug|Any CPU
		{7D2C12CE-7D96-4539-97CC-DFA5DA6B58C5}.Debug|ARM.ActiveCfg = Debug|Any CPU
		{7D2C12CE-7D96-4539-97CC-DFA5DA6B58C5}.Debug|ARM.Build.0 = Debug|Any CPU
		{7D2C12CE-7D96-4539-97CC-DFA5DA6B58C5}.Debug|ARM64.ActiveCfg = Debug|Any CPU
		{7D2C12CE-7D96-4539-97CC-DFA5DA6B58C5}.Debug|ARM64.Build.0 = Debug|Any CPU
		{7D2C12CE-7D96-4539-97CC-DFA5DA6B58C5}.Debug|x64.ActiveCfg = Debug|Any CPU
		{7D2C12CE-7D96-4539-97CC-DFA5DA6B58C5}.Debug|x64.Build.0 = Debug|Any CPU
		{7D2C12CE-7D96-4539-97CC-DFA5DA6B58C5}.Debug|x86.ActiveCfg = Debug|Any CPU
		{7D2C12CE-7D96-4539-97CC-DFA5DA6B58C5}.Debug|x86.Build.0 = Debug|Any CPU
		{7D2C12CE-7D96-4539-97CC-DFA5DA6B58C5}.Release|Any CPU.ActiveCfg = Release|Any CPU
		{7D2C12CE-7D96-4539-97CC-DFA5DA6B58C5}.Release|Any CPU.Build.0 = Release|Any CPU
		{7D2C12CE-7D96-4539-97CC-DFA5DA6B58C5}.Release|ARM.ActiveCfg = Release|Any CPU
		{7D2C12CE-7D96-4539-97CC-DFA5DA6B58C5}.Release|ARM.Build.0 = Release|Any CPU
		{7D2C12CE-7D96-4539-97CC-DFA5DA6B58C5}.Release|ARM64.ActiveCfg = Release|Any CPU
		{7D2C12CE-7D96-4539-97CC-DFA5DA6B58C5}.Release|ARM64.Build.0 = Release|Any CPU
		{7D2C12CE-7D96-4539-97CC-DFA5DA6B58C5}.Release|x64.ActiveCfg = Release|Any CPU
		{7D2C12CE-7D96-4539-97CC-DFA5DA6B58C5}.Release|x64.Build.0 = Release|Any CPU
		{7D2C12CE-7D96-4539-97CC-DFA5DA6B58C5}.Release|x86.ActiveCfg = Release|Any CPU
		{7D2C12CE-7D96-4539-97CC-DFA5DA6B58C5}.Release|x86.Build.0 = Release|Any CPU
		{EB17145F-88E6-4701-9014-A39ABBC9F440}.Debug|Any CPU.ActiveCfg = Debug|Any CPU
		{EB17145F-88E6-4701-9014-A39ABBC9F440}.Debug|Any CPU.Build.0 = Debug|Any CPU
		{EB17145F-88E6-4701-9014-A39ABBC9F440}.Debug|ARM.ActiveCfg = Debug|Any CPU
		{EB17145F-88E6-4701-9014-A39ABBC9F440}.Debug|ARM.Build.0 = Debug|Any CPU
		{EB17145F-88E6-4701-9014-A39ABBC9F440}.Debug|ARM64.ActiveCfg = Debug|Any CPU
		{EB17145F-88E6-4701-9014-A39ABBC9F440}.Debug|ARM64.Build.0 = Debug|Any CPU
		{EB17145F-88E6-4701-9014-A39ABBC9F440}.Debug|x64.ActiveCfg = Debug|Any CPU
		{EB17145F-88E6-4701-9014-A39ABBC9F440}.Debug|x64.Build.0 = Debug|Any CPU
		{EB17145F-88E6-4701-9014-A39ABBC9F440}.Debug|x86.ActiveCfg = Debug|Any CPU
		{EB17145F-88E6-4701-9014-A39ABBC9F440}.Debug|x86.Build.0 = Debug|Any CPU
		{EB17145F-88E6-4701-9014-A39ABBC9F440}.Release|Any CPU.ActiveCfg = Release|Any CPU
		{EB17145F-88E6-4701-9014-A39ABBC9F440}.Release|Any CPU.Build.0 = Release|Any CPU
		{EB17145F-88E6-4701-9014-A39ABBC9F440}.Release|ARM.ActiveCfg = Release|Any CPU
		{EB17145F-88E6-4701-9014-A39ABBC9F440}.Release|ARM.Build.0 = Release|Any CPU
		{EB17145F-88E6-4701-9014-A39ABBC9F440}.Release|ARM64.ActiveCfg = Release|Any CPU
		{EB17145F-88E6-4701-9014-A39ABBC9F440}.Release|ARM64.Build.0 = Release|Any CPU
		{EB17145F-88E6-4701-9014-A39ABBC9F440}.Release|x64.ActiveCfg = Release|Any CPU
		{EB17145F-88E6-4701-9014-A39ABBC9F440}.Release|x64.Build.0 = Release|Any CPU
		{EB17145F-88E6-4701-9014-A39ABBC9F440}.Release|x86.ActiveCfg = Release|Any CPU
		{EB17145F-88E6-4701-9014-A39ABBC9F440}.Release|x86.Build.0 = Release|Any CPU
		{108A5FF5-05C6-4BAD-8F8E-2F5466E99A51}.Debug|Any CPU.ActiveCfg = Debug|x86
		{108A5FF5-05C6-4BAD-8F8E-2F5466E99A51}.Debug|ARM.ActiveCfg = Debug|ARM
		{108A5FF5-05C6-4BAD-8F8E-2F5466E99A51}.Debug|ARM.Build.0 = Debug|ARM
		{108A5FF5-05C6-4BAD-8F8E-2F5466E99A51}.Debug|ARM.Deploy.0 = Debug|ARM
		{108A5FF5-05C6-4BAD-8F8E-2F5466E99A51}.Debug|ARM64.ActiveCfg = Debug|ARM64
		{108A5FF5-05C6-4BAD-8F8E-2F5466E99A51}.Debug|ARM64.Build.0 = Debug|ARM64
		{108A5FF5-05C6-4BAD-8F8E-2F5466E99A51}.Debug|ARM64.Deploy.0 = Debug|ARM64
		{108A5FF5-05C6-4BAD-8F8E-2F5466E99A51}.Debug|x64.ActiveCfg = Debug|x64
		{108A5FF5-05C6-4BAD-8F8E-2F5466E99A51}.Debug|x64.Build.0 = Debug|x64
		{108A5FF5-05C6-4BAD-8F8E-2F5466E99A51}.Debug|x64.Deploy.0 = Debug|x64
		{108A5FF5-05C6-4BAD-8F8E-2F5466E99A51}.Debug|x86.ActiveCfg = Debug|x86
		{108A5FF5-05C6-4BAD-8F8E-2F5466E99A51}.Debug|x86.Build.0 = Debug|x86
		{108A5FF5-05C6-4BAD-8F8E-2F5466E99A51}.Debug|x86.Deploy.0 = Debug|x86
		{108A5FF5-05C6-4BAD-8F8E-2F5466E99A51}.Release|Any CPU.ActiveCfg = Release|x86
		{108A5FF5-05C6-4BAD-8F8E-2F5466E99A51}.Release|ARM.ActiveCfg = Release|ARM
		{108A5FF5-05C6-4BAD-8F8E-2F5466E99A51}.Release|ARM.Build.0 = Release|ARM
		{108A5FF5-05C6-4BAD-8F8E-2F5466E99A51}.Release|ARM.Deploy.0 = Release|ARM
		{108A5FF5-05C6-4BAD-8F8E-2F5466E99A51}.Release|ARM64.ActiveCfg = Release|ARM64
		{108A5FF5-05C6-4BAD-8F8E-2F5466E99A51}.Release|ARM64.Build.0 = Release|ARM64
		{108A5FF5-05C6-4BAD-8F8E-2F5466E99A51}.Release|ARM64.Deploy.0 = Release|ARM64
		{108A5FF5-05C6-4BAD-8F8E-2F5466E99A51}.Release|x64.ActiveCfg = Release|x64
		{108A5FF5-05C6-4BAD-8F8E-2F5466E99A51}.Release|x64.Build.0 = Release|x64
		{108A5FF5-05C6-4BAD-8F8E-2F5466E99A51}.Release|x64.Deploy.0 = Release|x64
		{108A5FF5-05C6-4BAD-8F8E-2F5466E99A51}.Release|x86.ActiveCfg = Release|x86
		{108A5FF5-05C6-4BAD-8F8E-2F5466E99A51}.Release|x86.Build.0 = Release|x86
		{108A5FF5-05C6-4BAD-8F8E-2F5466E99A51}.Release|x86.Deploy.0 = Release|x86
	EndGlobalSection
	GlobalSection(SolutionProperties) = preSolution
		HideSolutionNode = FALSE
	EndGlobalSection
	GlobalSection(NestedProjects) = preSolution
		{524D10C3-E18B-4560-951E-690B9953A274} = {BEA915C0-8834-4928-B403-28B70F475A70}
		{13E62DD2-59DC-4F57-A215-477381CE6A37} = {2C33655E-7C68-4127-8AA8-B21B08C9DA24}
		{6184C221-E8C5-4A71-8B90-6E9466016DA2} = {BEA915C0-8834-4928-B403-28B70F475A70}
		{7D2C12CE-7D96-4539-97CC-DFA5DA6B58C5} = {BEA915C0-8834-4928-B403-28B70F475A70}
		{EB17145F-88E6-4701-9014-A39ABBC9F440} = {2C33655E-7C68-4127-8AA8-B21B08C9DA24}
		{108A5FF5-05C6-4BAD-8F8E-2F5466E99A51} = {BEA915C0-8834-4928-B403-28B70F475A70}
	EndGlobalSection
	GlobalSection(ExtensibilityGlobals) = postSolution
		SolutionGuid = {D53DA21C-E4FC-4FC9-A5B2-F84CAD674E10}
	EndGlobalSection
EndGlobal
